{
  "name": "coderitter-api-remote-method-call",
  "version": "1.0.1",
  "lockfileVersion": 1,
  "requires": true,
  "dependencies": {
    "mega-nice-validation": {
      "version": "3.1.0",
      "resolved": "https://registry.npmjs.org/mega-nice-validation/-/mega-nice-validation-3.1.0.tgz",
      "integrity": "sha512-kfTsJFGKjtgdxJnwL4dRv65U2z+VcKla0ChIgvrLAKuAYNbOLgvnmVymK0piwlFoAdXK8Wwob4zZCosJ/pMJtA=="
    },
    "typescript": {
      "version": "3.7.5",
      "resolved": "https://registry.npmjs.org/typescript/-/typescript-3.7.5.tgz",
      "integrity": "sha512-/P5lkRXkWHNAbcJIiHPfRoKqyd7bsyCma1hZNUGfn20qm64T6ZBlrzprymeu918H+mB/0rIg2gGK/BXkhhYgBw==",
      "dev": true
    }
  }
}
