{
  "name": "coderitter-api-remote-method-call",
  "version": "1.0.0",
  "lockfileVersion": 1,
  "requires": true,
  "dependencies": {
    "mega-nice-validation": {
      "version": "0.2.0",
      "resolved": "https://registry.npmjs.org/mega-nice-validation/-/mega-nice-validation-0.2.0.tgz",
      "integrity": "sha512-/ldGyuM8kbPv6py+Z/JzRG24t4HfoJtG/UFUiHc43mnGkg4cRo4cGDripyeKBQ3swx9tpUI6R9m4kKDzO50w7Q=="
    },
    "typescript": {
      "version": "3.7.5",
      "resolved": "https://registry.npmjs.org/typescript/-/typescript-3.7.5.tgz",
      "integrity": "sha512-/P5lkRXkWHNAbcJIiHPfRoKqyd7bsyCma1hZNUGfn20qm64T6ZBlrzprymeu918H+mB/0rIg2gGK/BXkhhYgBw==",
      "dev": true
    }
  }
}
