{
  "name": "coderitter-api-remote-method-call",
  "version": "1.0.4",
  "lockfileVersion": 1,
  "requires": true,
  "dependencies": {
    "mega-nice-validation": {
      "version": "4.0.0",
      "resolved": "https://registry.npmjs.org/mega-nice-validation/-/mega-nice-validation-4.0.0.tgz",
      "integrity": "sha512-27/B/E5yptRxGnu7WDLpRUYuG64/XIGr4wTzLop1hmXuRuMXgYkEj4v9KjgMvd+zdQ2x6gx2/lYSY3eAB879mw=="
    },
    "typescript": {
      "version": "3.7.5",
      "resolved": "https://registry.npmjs.org/typescript/-/typescript-3.7.5.tgz",
      "integrity": "sha512-/P5lkRXkWHNAbcJIiHPfRoKqyd7bsyCma1hZNUGfn20qm64T6ZBlrzprymeu918H+mB/0rIg2gGK/BXkhhYgBw==",
      "dev": true
    }
  }
}
